
Microsoft Visual Studio Solution File, Format Version 12.00
# Visual Studio 15
VisualStudioVersion = 15.0.28307.539
MinimumVisualStudioVersion = 10.0.40219.1
Project("{8BC9CEB8-8B4A-11D0-8D11-00A0C91BC942}") = "cpp_portfolio", "cpp_portfolio\cpp_portfolio.vcxproj", "{F211C579-66EF-48BE-A8EE-389AE7CB62BF}"
EndProject
Global
	GlobalSection(SolutionConfigurationPlatforms) = preSolution
		Debug|x64 = Debug|x64
		Debug|x86 = Debug|x86
		Release|x64 = Release|x64
		Release|x86 = Release|x86
	EndGlobalSection
	GlobalSection(ProjectConfigurationPlatforms) = postSolution
		{F211C579-66EF-48BE-A8EE-389AE7CB62BF}.Debug|x64.ActiveCfg = Debug|x64
		{F211C579-66EF-48BE-A8EE-389AE7CB62BF}.Debug|x64.Build.0 = Debug|x64
		{F211C579-66EF-48BE-A8EE-389AE7CB62BF}.Debug|x86.ActiveCfg = Debug|Win32
		{F211C579-66EF-48BE-A8EE-389AE7CB62BF}.Debug|x86.Build.0 = Debug|Win32
		{F211C579-66EF-48BE-A8EE-389AE7CB62BF}.Release|x64.ActiveCfg = Release|x64
		{F211C579-66EF-48BE-A8EE-389AE7CB62BF}.Release|x64.Build.0 = Release|x64
		{F211C579-66EF-48BE-A8EE-389AE7CB62BF}.Release|x86.ActiveCfg = Release|Win32
		{F211C579-66EF-48BE-A8EE-389AE7CB62BF}.Release|x86.Build.0 = Release|Win32
	EndGlobalSection
	GlobalSection(SolutionProperties) = preSolution
		HideSolutionNode = FALSE
	EndGlobalSection
	GlobalSection(ExtensibilityGlobals) = postSolution
		SolutionGuid = {708627B2-B0AF-4AC4-AEA5-0C61C4BD7A6A}
	EndGlobalSection
EndGlobal
